
Microsoft Visual Studio Solution File, Format Version 12.00
# Visual Studio Version 17
VisualStudioVersion = 17.8.34330.188
MinimumVisualStudioVersion = 10.0.40219.1
Project("{9A19103F-16F7-4668-BE54-9A1E7A4F7556}") = "GrandCircusClassWork", "GrandCircusClassWork\GrandCircusClassWork.csproj", "{B7722206-7D38-48E1-BF5B-0AB812BF0AB3}"
EndProject
Project("{FAE04EC0-301F-11D3-BF4B-00C04F79EFBC}") = "GrandCircusC#Unit4", "GrandCircusC#Unit4\GrandCircusC#Unit4.csproj", "{1B7EFF2F-50C4-427D-8F4E-EBFD429BBBE2}"
EndProject
Global
	GlobalSection(SolutionConfigurationPlatforms) = preSolution
		Debug|Any CPU = Debug|Any CPU
		Release|Any CPU = Release|Any CPU
	EndGlobalSection
	GlobalSection(ProjectConfigurationPlatforms) = postSolution
		{B7722206-7D38-48E1-BF5B-0AB812BF0AB3}.Debug|Any CPU.ActiveCfg = Debug|Any CPU
		{B7722206-7D38-48E1-BF5B-0AB812BF0AB3}.Debug|Any CPU.Build.0 = Debug|Any CPU
		{B7722206-7D38-48E1-BF5B-0AB812BF0AB3}.Release|Any CPU.ActiveCfg = Release|Any CPU
		{B7722206-7D38-48E1-BF5B-0AB812BF0AB3}.Release|Any CPU.Build.0 = Release|Any CPU
		{1B7EFF2F-50C4-427D-8F4E-EBFD429BBBE2}.Debug|Any CPU.ActiveCfg = Debug|Any CPU
		{1B7EFF2F-50C4-427D-8F4E-EBFD429BBBE2}.Debug|Any CPU.Build.0 = Debug|Any CPU
		{1B7EFF2F-50C4-427D-8F4E-EBFD429BBBE2}.Release|Any CPU.ActiveCfg = Release|Any CPU
		{1B7EFF2F-50C4-427D-8F4E-EBFD429BBBE2}.Release|Any CPU.Build.0 = Release|Any CPU
	EndGlobalSection
	GlobalSection(SolutionProperties) = preSolution
		HideSolutionNode = FALSE
	EndGlobalSection
	GlobalSection(ExtensibilityGlobals) = postSolution
		SolutionGuid = {BEEC799C-1EF5-4DD8-80FE-BF7DDF454656}
	EndGlobalSection
EndGlobal
